github.com/bernardoforcillo/drops v0.2.1 h1:StF1ZHCuhWInRz74Alkls4w4dJMEbpYS/dz4M9NS+sc=
github.com/bernardoforcillo/drops v0.2.1/go.mod h1:9r+/t5MUZa+V0w5uwvrojHO6CCrSMfeFUuIn+18L9V4=
github.com/buildwithgo/berrygem v0.0.0-20260505193244-810711e4a49b h1:4Az1+Ewo8+upUC4LT3IFJFZ9R7Tm6H8wDcerC68MDlk=
github.com/buildwithgo/berrygem v0.0.0-20260505193244-810711e4a49b/go.mod h1:zD4nlCwy6y/EJymNu9tqJbLV6Risx80QGQmT4D62nL4=
